// !$*UTF8*$!
{
	archiveVersion = 1;
	classes = {
	};
	objectVersion = 50;
	objects = {

/* Begin PBXBuildFile section */
		982F7DA4255FD44600BF69B4 /* FavouriteViewController.swift in Sources */ = {isa = PBXBuildFile; fileRef = 982F7DA3255FD44600BF69B4 /* FavouriteViewController.swift */; };
		982F7DAD255FD7F800BF69B4 /* FavouriteTableViewCell.swift in Sources */ = {isa = PBXBuildFile; fileRef = 982F7DAB255FD7F800BF69B4 /* FavouriteTableViewCell.swift */; };
		982F7DAE255FD7F800BF69B4 /* FavouriteTableViewCell.xib in Resources */ = {isa = PBXBuildFile; fileRef = 982F7DAC255FD7F800BF69B4 /* FavouriteTableViewCell.xib */; };
		9888A8E5255BF3EC00BD4B08 /* AppDelegate.swift in Sources */ = {isa = PBXBuildFile; fileRef = 9888A8E4255BF3EC00BD4B08 /* AppDelegate.swift */; };
		9888A8E7255BF3EC00BD4B08 /* SceneDelegate.swift in Sources */ = {isa = PBXBuildFile; fileRef = 9888A8E6255BF3EC00BD4B08 /* SceneDelegate.swift */; };
		9888A8E9255BF3EC00BD4B08 /* ViewController.swift in Sources */ = {isa = PBXBuildFile; fileRef = 9888A8E8255BF3EC00BD4B08 /* ViewController.swift */; };
		9888A8EC255BF3EC00BD4B08 /* Main.storyboard in Resources */ = {isa = PBXBuildFile; fileRef = 9888A8EA255BF3EC00BD4B08 /* Main.storyboard */; };
		9888A8EF255BF3EC00BD4B08 /* file_manager_from_sabbir.xcdatamodeld in Sources */ = {isa = PBXBuildFile; fileRef = 9888A8ED255BF3EC00BD4B08 /* file_manager_from_sabbir.xcdatamodeld */; };
		9888A8F1255BF3ED00BD4B08 /* Assets.xcassets in Resources */ = {isa = PBXBuildFile; fileRef = 9888A8F0255BF3ED00BD4B08 /* Assets.xcassets */; };
		9888A8F4255BF3ED00BD4B08 /* LaunchScreen.storyboard in Resources */ = {isa = PBXBuildFile; fileRef = 9888A8F2255BF3ED00BD4B08 /* LaunchScreen.storyboard */; };
		9888A901255BF9F600BD4B08 /* CollectionViewCell.swift in Sources */ = {isa = PBXBuildFile; fileRef = 9888A8FF255BF9F600BD4B08 /* CollectionViewCell.swift */; };
		9888A902255BF9F600BD4B08 /* CollectionViewCell.xib in Resources */ = {isa = PBXBuildFile; fileRef = 9888A900255BF9F600BD4B08 /* CollectionViewCell.xib */; };
		9888A906255C23EA00BD4B08 /* Folder+CoreDataClass.swift in Sources */ = {isa = PBXBuildFile; fileRef = 9888A904255C23EA00BD4B08 /* Folder+CoreDataClass.swift */; };
		9888A907255C23EA00BD4B08 /* Folder+CoreDataProperties.swift in Sources */ = {isa = PBXBuildFile; fileRef = 9888A905255C23EA00BD4B08 /* Folder+CoreDataProperties.swift */; };
		9888A90A255C25B900BD4B08 /* CoreDataManager.swift in Sources */ = {isa = PBXBuildFile; fileRef = 9888A909255C25B900BD4B08 /* CoreDataManager.swift */; };
		98E13B96255CE1780091DA69 /* ImageViewController.swift in Sources */ = {isa = PBXBuildFile; fileRef = 98E13B95255CE1780091DA69 /* ImageViewController.swift */; };
		98E13B9A255CEF570091DA69 /* TableViewCell.swift in Sources */ = {isa = PBXBuildFile; fileRef = 98E13B98255CEF570091DA69 /* TableViewCell.swift */; };
		98E13B9B255CEF570091DA69 /* TableViewCell.xib in Resources */ = {isa = PBXBuildFile; fileRef = 98E13B99255CEF570091DA69 /* TableViewCell.xib */; };
		98E13B9F255D01F70091DA69 /* ImagePickerController.swift in Sources */ = {isa = PBXBuildFile; fileRef = 98E13B9E255D01F70091DA69 /* ImagePickerController.swift */; };
/* End PBXBuildFile section */

/* Begin PBXFileReference section */
		982F7DA3255FD44600BF69B4 /* FavouriteViewController.swift */ = {isa = PBXFileReference; lastKnownFileType = sourcecode.swift; path = FavouriteViewController.swift; sourceTree = "<group>"; };
		982F7DAB255FD7F800BF69B4 /* FavouriteTableViewCell.swift */ = {isa = PBXFileReference; lastKnownFileType = sourcecode.swift; path = FavouriteTableViewCell.swift; sourceTree = "<group>"; };
		982F7DAC255FD7F800BF69B4 /* FavouriteTableViewCell.xib */ = {isa = PBXFileReference; lastKnownFileType = file.xib; path = FavouriteTableViewCell.xib; sourceTree = "<group>"; };
		9888A8E1255BF3EC00BD4B08 /* file_manager_from_sabbir.app */ = {isa = PBXFileReference; explicitFileType = wrapper.application; includeInIndex = 0; path = file_manager_from_sabbir.app; sourceTree = BUILT_PRODUCTS_DIR; };
		9888A8E4255BF3EC00BD4B08 /* AppDelegate.swift */ = {isa = PBXFileReference; lastKnownFileType = sourcecode.swift; path = AppDelegate.swift; sourceTree = "<group>"; };
		9888A8E6255BF3EC00BD4B08 /* SceneDelegate.swift */ = {isa = PBXFileReference; lastKnownFileType = sourcecode.swift; path = SceneDelegate.swift; sourceTree = "<group>"; };
		9888A8E8255BF3EC00BD4B08 /* ViewController.swift */ = {isa = PBXFileReference; lastKnownFileType = sourcecode.swift; path = ViewController.swift; sourceTree = "<group>"; };
		9888A8EB255BF3EC00BD4B08 /* Base */ = {isa = PBXFileReference; lastKnownFileType = file.storyboard; name = Base; path = Base.lproj/Main.storyboard; sourceTree = "<group>"; };
		9888A8EE255BF3EC00BD4B08 /* file_manager_from_sabbir.xcdatamodel */ = {isa = PBXFileReference; lastKnownFileType = wrapper.xcdatamodel; path = file_manager_from_sabbir.xcdatamodel; sourceTree = "<group>"; };
		9888A8F0255BF3ED00BD4B08 /* Assets.xcassets */ = {isa = PBXFileReference; lastKnownFileType = folder.assetcatalog; path = Assets.xcassets; sourceTree = "<group>"; };
		9888A8F3255BF3ED00BD4B08 /* Base */ = {isa = PBXFileReference; lastKnownFileType = file.storyboard; name = Base; path = Base.lproj/LaunchScreen.storyboard; sourceTree = "<group>"; };
		9888A8F5255BF3ED00BD4B08 /* Info.plist */ = {isa = PBXFileReference; lastKnownFileType = text.plist.xml; path = Info.plist; sourceTree = "<group>"; };
		9888A8FF255BF9F600BD4B08 /* CollectionViewCell.swift */ = {isa = PBXFileReference; lastKnownFileType = sourcecode.swift; path = CollectionViewCell.swift; sourceTree = "<group>"; };
		9888A900255BF9F600BD4B08 /* CollectionViewCell.xib */ = {isa = PBXFileReference; lastKnownFileType = file.xib; path = CollectionViewCell.xib; sourceTree = "<group>"; };
		9888A904255C23EA00BD4B08 /* Folder+CoreDataClass.swift */ = {isa = PBXFileReference; lastKnownFileType = sourcecode.swift; name = "Folder+CoreDataClass.swift"; path = "file_manager_from_sabbir/model/Folder+CoreDataClass.swift"; sourceTree = SOURCE_ROOT; };
		9888A905255C23EA00BD4B08 /* Folder+CoreDataProperties.swift */ = {isa = PBXFileReference; lastKnownFileType = sourcecode.swift; name = "Folder+CoreDataProperties.swift"; path = "file_manager_from_sabbir/model/Folder+CoreDataProperties.swift"; sourceTree = SOURCE_ROOT; };
		9888A909255C25B900BD4B08 /* CoreDataManager.swift */ = {isa = PBXFileReference; fileEncoding = 4; lastKnownFileType = sourcecode.swift; path = CoreDataManager.swift; sourceTree = "<group>"; };
		98E13B95255CE1780091DA69 /* ImageViewController.swift */ = {isa = PBXFileReference; lastKnownFileType = sourcecode.swift; path = ImageViewController.swift; sourceTree = "<group>"; };
		98E13B98255CEF570091DA69 /* TableViewCell.swift */ = {isa = PBXFileReference; lastKnownFileType = sourcecode.swift; path = TableViewCell.swift; sourceTree = "<group>"; };
		98E13B99255CEF570091DA69 /* TableViewCell.xib */ = {isa = PBXFileReference; lastKnownFileType = file.xib; path = TableViewCell.xib; sourceTree = "<group>"; };
		98E13B9E255D01F70091DA69 /* ImagePickerController.swift */ = {isa = PBXFileReference; lastKnownFileType = sourcecode.swift; path = ImagePickerController.swift; sourceTree = "<group>"; };
/* End PBXFileReference section */

/* Begin PBXFrameworksBuildPhase section */
		9888A8DE255BF3EC00BD4B08 /* Frameworks */ = {
			isa = PBXFrameworksBuildPhase;
			buildActionMask = 2147483647;
			files = (
			);
			runOnlyForDeploymentPostprocessing = 0;
		};
/* End PBXFrameworksBuildPhase section */

/* Begin PBXGroup section */
		9888A8D8255BF3EC00BD4B08 = {
			isa = PBXGroup;
			children = (
				9888A8E3255BF3EC00BD4B08 /* file_manager_from_sabbir */,
				9888A8E2255BF3EC00BD4B08 /* Products */,
			);
			sourceTree = "<group>";
		};
		9888A8E2255BF3EC00BD4B08 /* Products */ = {
			isa = PBXGroup;
			children = (
				9888A8E1255BF3EC00BD4B08 /* file_manager_from_sabbir.app */,
			);
			name = Products;
			sourceTree = "<group>";
		};
		9888A8E3255BF3EC00BD4B08 /* file_manager_from_sabbir */ = {
			isa = PBXGroup;
			children = (
				9888A90F255C3E3900BD4B08 /* cell */,
				9888A90C255C25CB00BD4B08 /* model */,
				9888A8FD255BF42200BD4B08 /* viewController */,
				9888A8E4255BF3EC00BD4B08 /* AppDelegate.swift */,
				9888A8E6255BF3EC00BD4B08 /* SceneDelegate.swift */,
				9888A8EA255BF3EC00BD4B08 /* Main.storyboard */,
				9888A8F0255BF3ED00BD4B08 /* Assets.xcassets */,
				9888A8F2255BF3ED00BD4B08 /* LaunchScreen.storyboard */,
				9888A8F5255BF3ED00BD4B08 /* Info.plist */,
				9888A8ED255BF3EC00BD4B08 /* file_manager_from_sabbir.xcdatamodeld */,
			);
			path = file_manager_from_sabbir;
			sourceTree = "<group>";
		};
		9888A8FD255BF42200BD4B08 /* viewController */ = {
			isa = PBXGroup;
			children = (
				982F7DA3255FD44600BF69B4 /* FavouriteViewController.swift */,
				98E13B9E255D01F70091DA69 /* ImagePickerController.swift */,
				9888A8E8255BF3EC00BD4B08 /* ViewController.swift */,
				98E13B95255CE1780091DA69 /* ImageViewController.swift */,
			);
			path = viewController;
			sourceTree = "<group>";
		};
		9888A90C255C25CB00BD4B08 /* model */ = {
			isa = PBXGroup;
			children = (
				9888A904255C23EA00BD4B08 /* Folder+CoreDataClass.swift */,
				9888A905255C23EA00BD4B08 /* Folder+CoreDataProperties.swift */,
				9888A909255C25B900BD4B08 /* CoreDataManager.swift */,
			);
			path = model;
			sourceTree = "<group>";
		};
		9888A90F255C3E3900BD4B08 /* cell */ = {
			isa = PBXGroup;
			children = (
				982F7DAC255FD7F800BF69B4 /* FavouriteTableViewCell.xib */,
				9888A8FF255BF9F600BD4B08 /* CollectionViewCell.swift */,
				982F7DAB255FD7F800BF69B4 /* FavouriteTableViewCell.swift */,
				9888A900255BF9F600BD4B08 /* CollectionViewCell.xib */,
				98E13B98255CEF570091DA69 /* TableViewCell.swift */,
				98E13B99255CEF570091DA69 /* TableViewCell.xib */,
			);
			path = cell;
			sourceTree = "<group>";
		};
/* End PBXGroup section */

/* Begin PBXNativeTarget section */
		9888A8E0255BF3EC00BD4B08 /* file_manager_from_sabbir */ = {
			isa = PBXNativeTarget;
			buildConfigurationList = 9888A8F8255BF3ED00BD4B08 /* Build configuration list for PBXNativeTarget "file_manager_from_sabbir" */;
			buildPhases = (
				9888A8DD255BF3EC00BD4B08 /* Sources */,
				9888A8DE255BF3EC00BD4B08 /* Frameworks */,
				9888A8DF255BF3EC00BD4B08 /* Resources */,
			);
			buildRules = (
			);
			dependencies = (
			);
			name = file_manager_from_sabbir;
			productName = file_manager_from_sabbir;
			productReference = 9888A8E1255BF3EC00BD4B08 /* file_manager_from_sabbir.app */;
			productType = "com.apple.product-type.application";
		};
/* End PBXNativeTarget section */

/* Begin PBXProject section */
		9888A8D9255BF3EC00BD4B08 /* Project object */ = {
			isa = PBXProject;
			attributes = {
				LastSwiftUpdateCheck = 1210;
				LastUpgradeCheck = 1210;
				TargetAttributes = {
					9888A8E0255BF3EC00BD4B08 = {
						CreatedOnToolsVersion = 12.1;
					};
				};
			};
			buildConfigurationList = 9888A8DC255BF3EC00BD4B08 /* Build configuration list for PBXProject "file_manager_from_sabbir" */;
			compatibilityVersion = "Xcode 9.3";
			developmentRegion = en;
			hasScannedForEncodings = 0;
			knownRegions = (
				en,
				Base,
			);
			mainGroup = 9888A8D8255BF3EC00BD4B08;
			productRefGroup = 9888A8E2255BF3EC00BD4B08 /* Products */;
			projectDirPath = "";
			projectRoot = "";
			targets = (
				9888A8E0255BF3EC00BD4B08 /* file_manager_from_sabbir */,
			);
		};
/* End PBXProject section */

/* Begin PBXResourcesBuildPhase section */
		9888A8DF255BF3EC00BD4B08 /* Resources */ = {
			isa = PBXResourcesBuildPhase;
			buildActionMask = 2147483647;
			files = (
				9888A8F4255BF3ED00BD4B08 /* LaunchScreen.storyboard in Resources */,
				98E13B9B255CEF570091DA69 /* TableViewCell.xib in Resources */,
				9888A8F1255BF3ED00BD4B08 /* Assets.xcassets in Resources */,
				9888A902255BF9F600BD4B08 /* CollectionViewCell.xib in Resources */,
				9888A8EC255BF3EC00BD4B08 /* Main.storyboard in Resources */,
				982F7DAE255FD7F800BF69B4 /* FavouriteTableViewCell.xib in Resources */,
			);
			runOnlyForDeploymentPostprocessing = 0;
		};
/* End PBXResourcesBuildPhase section */

/* Begin PBXSourcesBuildPhase section */
		9888A8DD255BF3EC00BD4B08 /* Sources */ = {
			isa = PBXSourcesBuildPhase;
			buildActionMask = 2147483647;
			files = (
				9888A901255BF9F600BD4B08 /* CollectionViewCell.swift in Sources */,
				98E13B96255CE1780091DA69 /* ImageViewController.swift in Sources */,
				9888A907255C23EA00BD4B08 /* Folder+CoreDataProperties.swift in Sources */,
				9888A8EF255BF3EC00BD4B08 /* file_manager_from_sabbir.xcdatamodeld in Sources */,
				982F7DA4255FD44600BF69B4 /* FavouriteViewController.swift in Sources */,
				9888A8E9255BF3EC00BD4B08 /* ViewController.swift in Sources */,
				98E13B9A255CEF570091DA69 /* TableViewCell.swift in Sources */,
				98E13B9F255D01F70091DA69 /* ImagePickerController.swift in Sources */,
				9888A8E5255BF3EC00BD4B08 /* AppDelegate.swift in Sources */,
				9888A8E7255BF3EC00BD4B08 /* SceneDelegate.swift in Sources */,
				982F7DAD255FD7F800BF69B4 /* FavouriteTableViewCell.swift in Sources */,
				9888A90A255C25B900BD4B08 /* CoreDataManager.swift in Sources */,
				9888A906255C23EA00BD4B08 /* Folder+CoreDataClass.swift in Sources */,
			);
			runOnlyForDeploymentPostprocessing = 0;
		};
/* End PBXSourcesBuildPhase section */

/* Begin PBXVariantGroup section */
		9888A8EA255BF3EC00BD4B08 /* Main.storyboard */ = {
			isa = PBXVariantGroup;
			children = (
				9888A8EB255BF3EC00BD4B08 /* Base */,
			);
			name = Main.storyboard;
			sourceTree = "<group>";
		};
		9888A8F2255BF3ED00BD4B08 /* LaunchScreen.storyboard */ = {
			isa = PBXVariantGroup;
			children = (
				9888A8F3255BF3ED00BD4B08 /* Base */,
			);
			name = LaunchScreen.storyboard;
			sourceTree = "<group>";
		};
/* End PBXVariantGroup section */

/* Begin XCBuildConfiguration section */
		9888A8F6255BF3ED00BD4B08 /* Debug */ = {
			isa = XCBuildConfiguration;
			buildSettings = {
				ALWAYS_SEARCH_USER_PATHS = NO;
				CLANG_ANALYZER_NONNULL = YES;
				CLANG_ANALYZER_NUMBER_OBJECT_CONVERSION = YES_AGGRESSIVE;
				CLANG_CXX_LANGUAGE_STANDARD = "gnu++14";
				CLANG_CXX_LIBRARY = "libc++";
				CLANG_ENABLE_MODULES = YES;
				CLANG_ENABLE_OBJC_ARC = YES;
				CLANG_ENABLE_OBJC_WEAK = YES;
				CLANG_WARN_BLOCK_CAPTURE_AUTORELEASING = YES;
				CLANG_WARN_BOOL_CONVERSION = YES;
				CLANG_WARN_COMMA = YES;
				CLANG_WARN_CONSTANT_CONVERSION = YES;
				CLANG_WARN_DEPRECATED_OBJC_IMPLEMENTATIONS = YES;
				CLANG_WARN_DIRECT_OBJC_ISA_USAGE = YES_ERROR;
				CLANG_WARN_DOCUMENTATION_COMMENTS = YES;
				CLANG_WARN_EMPTY_BODY = YES;
				CLANG_WARN_ENUM_CONVERSION = YES;
				CLANG_WARN_INFINITE_RECURSION = YES;
				CLANG_WARN_INT_CONVERSION = YES;
				CLANG_WARN_NON_LITERAL_NULL_CONVERSION = YES;
				CLANG_WARN_OBJC_IMPLICIT_RETAIN_SELF = YES;
				CLANG_WARN_OBJC_LITERAL_CONVERSION = YES;
				CLANG_WARN_OBJC_ROOT_CLASS = YES_ERROR;
				CLANG_WARN_QUOTED_INCLUDE_IN_FRAMEWORK_HEADER = YES;
				CLANG_WARN_RANGE_LOOP_ANALYSIS = YES;
				CLANG_WARN_STRICT_PROTOTYPES = YES;
				CLANG_WARN_SUSPICIOUS_MOVE = YES;
				CLANG_WARN_UNGUARDED_AVAILABILITY = YES_AGGRESSIVE;
				CLANG_WARN_UNREACHABLE_CODE = YES;
				CLANG_WARN__DUPLICATE_METHOD_MATCH = YES;
				COPY_PHASE_STRIP = NO;
				DEBUG_INFORMATION_FORMAT = dwarf;
				ENABLE_STRICT_OBJC_MSGSEND = YES;
				ENABLE_TESTABILITY = YES;
				GCC_C_LANGUAGE_STANDARD = gnu11;
				GCC_DYNAMIC_NO_PIC = NO;
				GCC_NO_COMMON_BLOCKS = YES;
				GCC_OPTIMIZATION_LEVEL = 0;
				GCC_PREPROCESSOR_DEFINITIONS = (
					"DEBUG=1",
					"$(inherited)",
				);
				GCC_WARN_64_TO_32_BIT_CONVERSION = YES;
				GCC_WARN_ABOUT_RETURN_TYPE = YES_ERROR;
				GCC_WARN_UNDECLARED_SELECTOR = YES;
				GCC_WARN_UNINITIALIZED_AUTOS = YES_AGGRESSIVE;
				GCC_WARN_UNUSED_FUNCTION = YES;
				GCC_WARN_UNUSED_VARIABLE = YES;
				IPHONEOS_DEPLOYMENT_TARGET = 14.1;
				MTL_ENABLE_DEBUG_INFO = INCLUDE_SOURCE;
				MTL_FAST_MATH = YES;
				ONLY_ACTIVE_ARCH = YES;
				SDKROOT = iphoneos;
				SWIFT_ACTIVE_COMPILATION_CONDITIONS = DEBUG;
				SWIFT_OPTIMIZATION_LEVEL = "-Onone";
			};
			name = Debug;
		};
		9888A8F7255BF3ED00BD4B08 /* Release */ = {
			isa = XCBuildConfiguration;
			buildSettings = {
				ALWAYS_SEARCH_USER_PATHS = NO;
				CLANG_ANALYZER_NONNULL = YES;
				CLANG_ANALYZER_NUMBER_OBJECT_CONVERSION = YES_AGGRESSIVE;
				CLANG_CXX_LANGUAGE_STANDARD = "gnu++14";
				CLANG_CXX_LIBRARY = "libc++";
				CLANG_ENABLE_MODULES = YES;
				CLANG_ENABLE_OBJC_ARC = YES;
				CLANG_ENABLE_OBJC_WEAK = YES;
				CLANG_WARN_BLOCK_CAPTURE_AUTORELEASING = YES;
				CLANG_WARN_BOOL_CONVERSION = YES;
				CLANG_WARN_COMMA = YES;
				CLANG_WARN_CONSTANT_CONVERSION = YES;
				CLANG_WARN_DEPRECATED_OBJC_IMPLEMENTATIONS = YES;
				CLANG_WARN_DIRECT_OBJC_ISA_USAGE = YES_ERROR;
				CLANG_WARN_DOCUMENTATION_COMMENTS = YES;
				CLANG_WARN_EMPTY_BODY = YES;
				CLANG_WARN_ENUM_CONVERSION = YES;
				CLANG_WARN_INFINITE_RECURSION = YES;
				CLANG_WARN_INT_CONVERSION = YES;
				CLANG_WARN_NON_LITERAL_NULL_CONVERSION = YES;
				CLANG_WARN_OBJC_IMPLICIT_RETAIN_SELF = YES;
				CLANG_WARN_OBJC_LITERAL_CONVERSION = YES;
				CLANG_WARN_OBJC_ROOT_CLASS = YES_ERROR;
				CLANG_WARN_QUOTED_INCLUDE_IN_FRAMEWORK_HEADER = YES;
				CLANG_WARN_RANGE_LOOP_ANALYSIS = YES;
				CLANG_WARN_STRICT_PROTOTYPES = YES;
				CLANG_WARN_SUSPICIOUS_MOVE = YES;
				CLANG_WARN_UNGUARDED_AVAILABILITY = YES_AGGRESSIVE;
				CLANG_WARN_UNREACHABLE_CODE = YES;
				CLANG_WARN__DUPLICATE_METHOD_MATCH = YES;
				COPY_PHASE_STRIP = NO;
				DEBUG_INFORMATION_FORMAT = "dwarf-with-dsym";
				ENABLE_NS_ASSERTIONS = NO;
				ENABLE_STRICT_OBJC_MSGSEND = YES;
				GCC_C_LANGUAGE_STANDARD = gnu11;
				GCC_NO_COMMON_BLOCKS = YES;
				GCC_WARN_64_TO_32_BIT_CONVERSION = YES;
				GCC_WARN_ABOUT_RETURN_TYPE = YES_ERROR;
				GCC_WARN_UNDECLARED_SELECTOR = YES;
				GCC_WARN_UNINITIALIZED_AUTOS = YES_AGGRESSIVE;
				GCC_WARN_UNUSED_FUNCTION = YES;
				GCC_WARN_UNUSED_VARIABLE = YES;
				IPHONEOS_DEPLOYMENT_TARGET = 14.1;
				MTL_ENABLE_DEBUG_INFO = NO;
				MTL_FAST_MATH = YES;
				SDKROOT = iphoneos;
				SWIFT_COMPILATION_MODE = wholemodule;
				SWIFT_OPTIMIZATION_LEVEL = "-O";
				VALIDATE_PRODUCT = YES;
			};
			name = Release;
		};
		9888A8F9255BF3ED00BD4B08 /* Debug */ = {
			isa = XCBuildConfiguration;
			buildSettings = {
				ASSETCATALOG_COMPILER_APPICON_NAME = AppIcon;
				ASSETCATALOG_COMPILER_GLOBAL_ACCENT_COLOR_NAME = AccentColor;
				CODE_SIGN_STYLE = Automatic;
				INFOPLIST_FILE = file_manager_from_sabbir/Info.plist;
				LD_RUNPATH_SEARCH_PATHS = (
					"$(inherited)",
					"@executable_path/Frameworks",
				);
				PRODUCT_BUNDLE_IDENTIFIER = "ff.file-manager-from-sabbir";
				PRODUCT_NAME = "$(TARGET_NAME)";
				SWIFT_VERSION = 5.0;
				TARGETED_DEVICE_FAMILY = 1;
			};
			name = Debug;
		};
		9888A8FA255BF3ED00BD4B08 /* Release */ = {
			isa = XCBuildConfiguration;
			buildSettings = {
				ASSETCATALOG_COMPILER_APPICON_NAME = AppIcon;
				ASSETCATALOG_COMPILER_GLOBAL_ACCENT_COLOR_NAME = AccentColor;
				CODE_SIGN_STYLE = Automatic;
				INFOPLIST_FILE = file_manager_from_sabbir/Info.plist;
				LD_RUNPATH_SEARCH_PATHS = (
					"$(inherited)",
					"@executable_path/Frameworks",
				);
				PRODUCT_BUNDLE_IDENTIFIER = "ff.file-manager-from-sabbir";
				PRODUCT_NAME = "$(TARGET_NAME)";
				SWIFT_VERSION = 5.0;
				TARGETED_DEVICE_FAMILY = 1;
			};
			name = Release;
		};
/* End XCBuildConfiguration section */

/* Begin XCConfigurationList section */
		9888A8DC255BF3EC00BD4B08 /* Build configuration list for PBXProject "file_manager_from_sabbir" */ = {
			isa = XCConfigurationList;
			buildConfigurations = (
				9888A8F6255BF3ED00BD4B08 /* Debug */,
				9888A8F7255BF3ED00BD4B08 /* Release */,
			);
			defaultConfigurationIsVisible = 0;
			defaultConfigurationName = Release;
		};
		9888A8F8255BF3ED00BD4B08 /* Build configuration list for PBXNativeTarget "file_manager_from_sabbir" */ = {
			isa = XCConfigurationList;
			buildConfigurations = (
				9888A8F9255BF3ED00BD4B08 /* Debug */,
				9888A8FA255BF3ED00BD4B08 /* Release */,
			);
			defaultConfigurationIsVisible = 0;
			defaultConfigurationName = Release;
		};
/* End XCConfigurationList section */

/* Begin XCVersionGroup section */
		9888A8ED255BF3EC00BD4B08 /* file_manager_from_sabbir.xcdatamodeld */ = {
			isa = XCVersionGroup;
			children = (
				9888A8EE255BF3EC00BD4B08 /* file_manager_from_sabbir.xcdatamodel */,
			);
			currentVersion = 9888A8EE255BF3EC00BD4B08 /* file_manager_from_sabbir.xcdatamodel */;
			path = file_manager_from_sabbir.xcdatamodeld;
			sourceTree = "<group>";
			versionGroupType = wrapper.xcdatamodel;
		};
/* End XCVersionGroup section */
	};
	rootObject = 9888A8D9255BF3EC00BD4B08 /* Project object */;
}
